
Microsoft Visual Studio Solution File, Format Version 12.00
# Visual Studio Version 16
VisualStudioVersion = 16.0.30011.22
MinimumVisualStudioVersion = 10.0.40219.1
Project("{FAE04EC0-301F-11D3-BF4B-00C04F79EFBC}") = "BinPacking2D", "BinPacking2D\BinPacking2D.csproj", "{D1632E75-E194-4D57-8465-D32461E68B6C}"
EndProject
Global
	GlobalSection(SolutionConfigurationPlatforms) = preSolution
		Debug|Any CPU = Debug|Any CPU
		Release|Any CPU = Release|Any CPU
	EndGlobalSection
	GlobalSection(ProjectConfigurationPlatforms) = postSolution
		{D1632E75-E194-4D57-8465-D32461E68B6C}.Debug|Any CPU.ActiveCfg = Debug|Any CPU
		{D1632E75-E194-4D57-8465-D32461E68B6C}.Debug|Any CPU.Build.0 = Debug|Any CPU
		{D1632E75-E194-4D57-8465-D32461E68B6C}.Release|Any CPU.ActiveCfg = Release|Any CPU
		{D1632E75-E194-4D57-8465-D32461E68B6C}.Release|Any CPU.Build.0 = Release|Any CPU
	EndGlobalSection
	GlobalSection(SolutionProperties) = preSolution
		HideSolutionNode = FALSE
	EndGlobalSection
	GlobalSection(ExtensibilityGlobals) = postSolution
		SolutionGuid = {55ED4BA8-1697-4353-A138-A47FB8940CF6}
	EndGlobalSection
EndGlobal
